
Microsoft Visual Studio Solution File, Format Version 12.00
# Visual Studio Version 16
VisualStudioVersion = 16.0.30804.86
MinimumVisualStudioVersion = 10.0.40219.1
Project("{8BC9CEB8-8B4A-11D0-8D11-00A0C91BC942}") = "Base", "Base\Base.vcxproj", "{73B77158-70B6-44B7-B015-5D3CED88298F}"
EndProject
Project("{8BC9CEB8-8B4A-11D0-8D11-00A0C91BC942}") = "TriangleSample", "samples\TriangleSample\TriangleSample.vcxproj", "{0A3D63B3-42F1-4C03-A6FD-5A1C823A97FC}"
	ProjectSection(ProjectDependencies) = postProject
		{73B77158-70B6-44B7-B015-5D3CED88298F} = {73B77158-70B6-44B7-B015-5D3CED88298F}
	EndProjectSection
EndProject
Global
	GlobalSection(SolutionConfigurationPlatforms) = preSolution
		Debug|x64 = Debug|x64
		Debug|x86 = Debug|x86
		Release|x64 = Release|x64
		Release|x86 = Release|x86
	EndGlobalSection
	GlobalSection(ProjectConfigurationPlatforms) = postSolution
		{73B77158-70B6-44B7-B015-5D3CED88298F}.Debug|x64.ActiveCfg = Debug|x64
		{73B77158-70B6-44B7-B015-5D3CED88298F}.Debug|x64.Build.0 = Debug|x64
		{73B77158-70B6-44B7-B015-5D3CED88298F}.Debug|x86.ActiveCfg = Debug|Win32
		{73B77158-70B6-44B7-B015-5D3CED88298F}.Debug|x86.Build.0 = Debug|Win32
		{73B77158-70B6-44B7-B015-5D3CED88298F}.Release|x64.ActiveCfg = Release|x64
		{73B77158-70B6-44B7-B015-5D3CED88298F}.Release|x64.Build.0 = Release|x64
		{73B77158-70B6-44B7-B015-5D3CED88298F}.Release|x86.ActiveCfg = Release|Win32
		{73B77158-70B6-44B7-B015-5D3CED88298F}.Release|x86.Build.0 = Release|Win32
		{0A3D63B3-42F1-4C03-A6FD-5A1C823A97FC}.Debug|x64.ActiveCfg = Debug|x64
		{0A3D63B3-42F1-4C03-A6FD-5A1C823A97FC}.Debug|x64.Build.0 = Debug|x64
		{0A3D63B3-42F1-4C03-A6FD-5A1C823A97FC}.Debug|x86.ActiveCfg = Debug|Win32
		{0A3D63B3-42F1-4C03-A6FD-5A1C823A97FC}.Debug|x86.Build.0 = Debug|Win32
		{0A3D63B3-42F1-4C03-A6FD-5A1C823A97FC}.Release|x64.ActiveCfg = Release|x64
		{0A3D63B3-42F1-4C03-A6FD-5A1C823A97FC}.Release|x64.Build.0 = Release|x64
		{0A3D63B3-42F1-4C03-A6FD-5A1C823A97FC}.Release|x86.ActiveCfg = Release|Win32
		{0A3D63B3-42F1-4C03-A6FD-5A1C823A97FC}.Release|x86.Build.0 = Release|Win32
	EndGlobalSection
	GlobalSection(SolutionProperties) = preSolution
		HideSolutionNode = FALSE
	EndGlobalSection
	GlobalSection(ExtensibilityGlobals) = postSolution
		SolutionGuid = {9D1622DE-D3AA-4A04-A0FC-0AFE1F46B622}
	EndGlobalSection
EndGlobal
